
Microsoft Visual Studio Solution File, Format Version 12.00
# Visual Studio 15
VisualStudioVersion = 15.0.27130.2024
MinimumVisualStudioVersion = 10.0.40219.1
Project("{FAE04EC0-301F-11D3-BF4B-00C04F79EFBC}") = "Tp3b", "Tp3b\Tp3b.csproj", "{9B04A570-B335-461D-92E4-04F1948611EE}"
EndProject
Project("{FAE04EC0-301F-11D3-BF4B-00C04F79EFBC}") = "Tp3A", "Tp3a\Tp3A.csproj", "{D57A3DCB-D3CA-49E5-B40C-B7AA0AB7320F}"
EndProject
Project("{FAE04EC0-301F-11D3-BF4B-00C04F79EFBC}") = "Tp3c", "Tp3c\Tp3c.csproj", "{DFA5641B-2717-456D-A39A-9C89372F078E}"
EndProject
Global
	GlobalSection(SolutionConfigurationPlatforms) = preSolution
		Debug|Any CPU = Debug|Any CPU
		Release|Any CPU = Release|Any CPU
	EndGlobalSection
	GlobalSection(ProjectConfigurationPlatforms) = postSolution
		{9B04A570-B335-461D-92E4-04F1948611EE}.Debug|Any CPU.ActiveCfg = Debug|Any CPU
		{9B04A570-B335-461D-92E4-04F1948611EE}.Debug|Any CPU.Build.0 = Debug|Any CPU
		{9B04A570-B335-461D-92E4-04F1948611EE}.Release|Any CPU.ActiveCfg = Release|Any CPU
		{9B04A570-B335-461D-92E4-04F1948611EE}.Release|Any CPU.Build.0 = Release|Any CPU
		{D57A3DCB-D3CA-49E5-B40C-B7AA0AB7320F}.Debug|Any CPU.ActiveCfg = Debug|Any CPU
		{D57A3DCB-D3CA-49E5-B40C-B7AA0AB7320F}.Debug|Any CPU.Build.0 = Debug|Any CPU
		{D57A3DCB-D3CA-49E5-B40C-B7AA0AB7320F}.Release|Any CPU.ActiveCfg = Release|Any CPU
		{D57A3DCB-D3CA-49E5-B40C-B7AA0AB7320F}.Release|Any CPU.Build.0 = Release|Any CPU
		{DFA5641B-2717-456D-A39A-9C89372F078E}.Debug|Any CPU.ActiveCfg = Debug|Any CPU
		{DFA5641B-2717-456D-A39A-9C89372F078E}.Debug|Any CPU.Build.0 = Debug|Any CPU
		{DFA5641B-2717-456D-A39A-9C89372F078E}.Release|Any CPU.ActiveCfg = Release|Any CPU
		{DFA5641B-2717-456D-A39A-9C89372F078E}.Release|Any CPU.Build.0 = Release|Any CPU
	EndGlobalSection
	GlobalSection(SolutionProperties) = preSolution
		HideSolutionNode = FALSE
	EndGlobalSection
	GlobalSection(ExtensibilityGlobals) = postSolution
		SolutionGuid = {A9DF0933-EFB4-44A2-BD92-EAD701F965E4}
	EndGlobalSection
EndGlobal
